{
  "version": 4,
  "terraform_version": "1.0.5",
  "serial": 2,
  "lineage": "8ca83758-d6fc-a449-e92e-dfebdc1f3afa",
  "outputs": {},
  "resources": [
    {
      "mode": "managed",
      "type": "google_compute_address",
      "name": "ip_address",
      "provider": "provider[\"registry.terraform.io/hashicorp/google\"]",
      "instances": [
        {
          "schema_version": 0,
          "attributes": {
            "address": "35.223.209.144",
            "address_type": "EXTERNAL",
            "creation_timestamp": "2022-01-27T16:59:48.644-08:00",
            "description": "",
            "id": "projects/chezar780716-1/regions/us-central1/addresses/my-address-1",
            "name": "my-address-1",
            "network": "",
            "network_tier": "PREMIUM",
            "prefix_length": 0,
            "project": "chezar780716-1",
            "purpose": "",
            "region": "us-central1",
            "self_link": "https://www.googleapis.com/compute/v1/projects/chezar780716-1/regions/us-central1/addresses/my-address-1",
            "subnetwork": "",
            "timeouts": null,
            "users": []
          },
          "sensitive_attributes": [],
          "private": "eyJlMmJmYjczMC1lY2FhLTExZTYtOGY4OC0zNDM2M2JjN2M0YzAiOnsiY3JlYXRlIjoyNDAwMDAwMDAwMDAsImRlbGV0ZSI6MjQwMDAwMDAwMDAwfX0="
        }
      ]
    },
    {
      "mode": "managed",
      "type": "google_service_account",
      "name": "service_account",
      "provider": "provider[\"registry.terraform.io/hashicorp/google\"]",
      "instances": [
        {
          "schema_version": 0,
          "attributes": {
            "account_id": "service-account-id",
            "description": "",
            "disabled": false,
            "display_name": "Service Account",
            "email": "service-account-id@chezar780716-1.iam.gserviceaccount.com",
            "id": "projects/chezar780716-1/serviceAccounts/service-account-id@chezar780716-1.iam.gserviceaccount.com",
            "name": "projects/chezar780716-1/serviceAccounts/service-account-id@chezar780716-1.iam.gserviceaccount.com",
            "project": "chezar780716-1",
            "timeouts": null,
            "unique_id": "113389251888091240364"
          },
          "sensitive_attributes": [],
          "private": "eyJlMmJmYjczMC1lY2FhLTExZTYtOGY4OC0zNDM2M2JjN2M0YzAiOnsiY3JlYXRlIjozMDAwMDAwMDAwMDB9fQ=="
        }
      ]
    }
  ]
}
